{
  "version": "3",
  "packages": {
    "specifiers": {
      "npm:react-docgen": "npm:react-docgen@7.0.3"
    },
    "npm": {
      "@ampproject/remapping@2.3.0": {
        "integrity": "sha512-30iZtAPgz+LTIYoeivqYo853f02jBYSd5uGnGpkFV0M3xOt9aN73erkgYAmZU43x4VfqcnLxW9Kpg3R5LC4YYw==",
        "dependencies": {
          "@jridgewell/gen-mapping": "@jridgewell/gen-mapping@0.3.5",
          "@jridgewell/trace-mapping": "@jridgewell/trace-mapping@0.3.25"
        }
      },
      "@babel/code-frame@7.24.7": {
        "integrity": "sha512-BcYH1CVJBO9tvyIZ2jVeXgSIMvGZ2FDRvDdOIVQyuklNKSsx+eppDEBq/g47Ayw+RqNFE+URvOShmf+f/qwAlA==",
        "dependencies": {
          "@babel/highlight": "@babel/highlight@7.24.7",
          "picocolors": "picocolors@1.1.0"
        }
      },
      "@babel/compat-data@7.25.4": {
        "integrity": "sha512-+LGRog6RAsCJrrrg/IO6LGmpphNe5DiK30dGjCoxxeGv49B10/3XYGxPsAwrDlMFcFEvdAUavDT8r9k/hSyQqQ==",
        "dependencies": {}
      },
      "@babel/core@7.25.2": {
        "integrity": "sha512-BBt3opiCOxUr9euZ5/ro/Xv8/V7yJ5bjYMqG/C1YAo8MIKAnumZalCN+msbci3Pigy4lIQfPUpfMM27HMGaYEA==",
        "dependencies": {
          "@ampproject/remapping": "@ampproject/remapping@2.3.0",
          "@babel/code-frame": "@babel/code-frame@7.24.7",
          "@babel/generator": "@babel/generator@7.25.6",
          "@babel/helper-compilation-targets": "@babel/helper-compilation-targets@7.25.2",
          "@babel/helper-module-transforms": "@babel/helper-module-transforms@7.25.2_@babel+core@7.25.2",
          "@babel/helpers": "@babel/helpers@7.25.6",
          "@babel/parser": "@babel/parser@7.25.6",
          "@babel/template": "@babel/template@7.25.0",
          "@babel/traverse": "@babel/traverse@7.25.6",
          "@babel/types": "@babel/types@7.25.6",
          "convert-source-map": "convert-source-map@2.0.0",
          "debug": "debug@4.3.4",
          "gensync": "gensync@1.0.0-beta.2",
          "json5": "json5@2.2.3",
          "semver": "semver@6.3.1"
        }
      },
      "@babel/generator@7.25.6": {
        "integrity": "sha512-VPC82gr1seXOpkjAAKoLhP50vx4vGNlF4msF64dSFq1P8RfB+QAuJWGHPXXPc8QyfVWwwB/TNNU4+ayZmHNbZw==",
        "dependencies": {
          "@babel/types": "@babel/types@7.25.6",
          "@jridgewell/gen-mapping": "@jridgewell/gen-mapping@0.3.5",
          "@jridgewell/trace-mapping": "@jridgewell/trace-mapping@0.3.25",
          "jsesc": "jsesc@2.5.2"
        }
      },
      "@babel/helper-compilation-targets@7.25.2": {
        "integrity": "sha512-U2U5LsSaZ7TAt3cfaymQ8WHh0pxvdHoEk6HVpaexxixjyEquMh0L0YNJNM6CTGKMXV1iksi0iZkGw4AcFkPaaw==",
        "dependencies": {
          "@babel/compat-data": "@babel/compat-data@7.25.4",
          "@babel/helper-validator-option": "@babel/helper-validator-option@7.24.8",
          "browserslist": "browserslist@4.23.3",
          "lru-cache": "lru-cache@5.1.1",
          "semver": "semver@6.3.1"
        }
      },
      "@babel/helper-module-imports@7.24.7": {
        "integrity": "sha512-8AyH3C+74cgCVVXow/myrynrAGv+nTVg5vKu2nZph9x7RcRwzmh0VFallJuFTZ9mx6u4eSdXZfcOzSqTUm0HCA==",
        "dependencies": {
          "@babel/traverse": "@babel/traverse@7.25.6",
          "@babel/types": "@babel/types@7.25.6"
        }
      },
      "@babel/helper-module-transforms@7.25.2_@babel+core@7.25.2": {
        "integrity": "sha512-BjyRAbix6j/wv83ftcVJmBt72QtHI56C7JXZoG2xATiLpmoC7dpd8WnkikExHDVPpi/3qCmO6WY1EaXOluiecQ==",
        "dependencies": {
          "@babel/core": "@babel/core@7.25.2",
          "@babel/helper-module-imports": "@babel/helper-module-imports@7.24.7",
          "@babel/helper-simple-access": "@babel/helper-simple-access@7.24.7",
          "@babel/helper-validator-identifier": "@babel/helper-validator-identifier@7.24.7",
          "@babel/traverse": "@babel/traverse@7.25.6"
        }
      },
      "@babel/helper-simple-access@7.24.7": {
        "integrity": "sha512-zBAIvbCMh5Ts+b86r/CjU+4XGYIs+R1j951gxI3KmmxBMhCg4oQMsv6ZXQ64XOm/cvzfU1FmoCyt6+owc5QMYg==",
        "dependencies": {
          "@babel/traverse": "@babel/traverse@7.25.6",
          "@babel/types": "@babel/types@7.25.6"
        }
      },
      "@babel/helper-string-parser@7.24.8": {
        "integrity": "sha512-pO9KhhRcuUyGnJWwyEgnRJTSIZHiT+vMD0kPeD+so0l7mxkMT19g3pjY9GTnHySck/hDzq+dtW/4VgnMkippsQ==",
        "dependencies": {}
      },
      "@babel/helper-validator-identifier@7.24.7": {
        "integrity": "sha512-rR+PBcQ1SMQDDyF6X0wxtG8QyLCgUB0eRAGguqRLfkCA87l7yAP7ehq8SNj96OOGTO8OBV70KhuFYcIkHXOg0w==",
        "dependencies": {}
      },
      "@babel/helper-validator-option@7.24.8": {
        "integrity": "sha512-xb8t9tD1MHLungh/AIoWYN+gVHaB9kwlu8gffXGSt3FFEIT7RjS+xWbc2vUD1UTZdIpKj/ab3rdqJ7ufngyi2Q==",
        "dependencies": {}
      },
      "@babel/helpers@7.25.6": {
        "integrity": "sha512-Xg0tn4HcfTijTwfDwYlvVCl43V6h4KyVVX2aEm4qdO/PC6L2YvzLHFdmxhoeSA3eslcE6+ZVXHgWwopXYLNq4Q==",
        "dependencies": {
          "@babel/template": "@babel/template@7.25.0",
          "@babel/types": "@babel/types@7.25.6"
        }
      },
      "@babel/highlight@7.24.7": {
        "integrity": "sha512-EStJpq4OuY8xYfhGVXngigBJRWxftKX9ksiGDnmlY3o7B/V7KIAc9X4oiK87uPJSc/vs5L869bem5fhZa8caZw==",
        "dependencies": {
          "@babel/helper-validator-identifier": "@babel/helper-validator-identifier@7.24.7",
          "chalk": "chalk@2.4.2",
          "js-tokens": "js-tokens@4.0.0",
          "picocolors": "picocolors@1.1.0"
        }
      },
      "@babel/parser@7.25.6": {
        "integrity": "sha512-trGdfBdbD0l1ZPmcJ83eNxB9rbEax4ALFTF7fN386TMYbeCQbyme5cOEXQhbGXKebwGaB/J52w1mrklMcbgy6Q==",
        "dependencies": {
          "@babel/types": "@babel/types@7.25.6"
        }
      },
      "@babel/template@7.25.0": {
        "integrity": "sha512-aOOgh1/5XzKvg1jvVz7AVrx2piJ2XBi227DHmbY6y+bM9H2FlN+IfecYu4Xl0cNiiVejlsCri89LUsbj8vJD9Q==",
        "dependencies": {
          "@babel/code-frame": "@babel/code-frame@7.24.7",
          "@babel/parser": "@babel/parser@7.25.6",
          "@babel/types": "@babel/types@7.25.6"
        }
      },
      "@babel/traverse@7.25.6": {
        "integrity": "sha512-9Vrcx5ZW6UwK5tvqsj0nGpp/XzqthkT0dqIc9g1AdtygFToNtTF67XzYS//dm+SAK9cp3B9R4ZO/46p63SCjlQ==",
        "dependencies": {
          "@babel/code-frame": "@babel/code-frame@7.24.7",
          "@babel/generator": "@babel/generator@7.25.6",
          "@babel/parser": "@babel/parser@7.25.6",
          "@babel/template": "@babel/template@7.25.0",
          "@babel/types": "@babel/types@7.25.6",
          "debug": "debug@4.3.4",
          "globals": "globals@11.12.0"
        }
      },
      "@babel/types@7.25.6": {
        "integrity": "sha512-/l42B1qxpG6RdfYf343Uw1vmDjeNhneUXtzhojE7pDgfpEypmRhI6j1kr17XCVv4Cgl9HdAiQY2x0GwKm7rWCw==",
        "dependencies": {
          "@babel/helper-string-parser": "@babel/helper-string-parser@7.24.8",
          "@babel/helper-validator-identifier": "@babel/helper-validator-identifier@7.24.7",
          "to-fast-properties": "to-fast-properties@2.0.0"
        }
      },
      "@jridgewell/gen-mapping@0.3.5": {
        "integrity": "sha512-IzL8ZoEDIBRWEzlCcRhOaCupYyN5gdIK+Q6fbFdPDg6HqX6jpkItn7DFIpW9LQzXG6Df9sA7+OKnq0qlz/GaQg==",
        "dependencies": {
          "@jridgewell/set-array": "@jridgewell/set-array@1.2.1",
          "@jridgewell/sourcemap-codec": "@jridgewell/sourcemap-codec@1.5.0",
          "@jridgewell/trace-mapping": "@jridgewell/trace-mapping@0.3.25"
        }
      },
      "@jridgewell/resolve-uri@3.1.2": {
        "integrity": "sha512-bRISgCIjP20/tbWSPWMEi54QVPRZExkuD9lJL+UIxUKtwVJA8wW1Trb1jMs1RFXo1CBTNZ/5hpC9QvmKWdopKw==",
        "dependencies": {}
      },
      "@jridgewell/set-array@1.2.1": {
        "integrity": "sha512-R8gLRTZeyp03ymzP/6Lil/28tGeGEzhx1q2k703KGWRAI1VdvPIXdG70VJc2pAMw3NA6JKL5hhFu1sJX0Mnn/A==",
        "dependencies": {}
      },
      "@jridgewell/sourcemap-codec@1.5.0": {
        "integrity": "sha512-gv3ZRaISU3fjPAgNsriBRqGWQL6quFx04YMPW/zD8XMLsU32mhCCbfbO6KZFLjvYpCZ8zyDEgqsgf+PwPaM7GQ==",
        "dependencies": {}
      },
      "@jridgewell/trace-mapping@0.3.25": {
        "integrity": "sha512-vNk6aEwybGtawWmy/PzwnGDOjCkLWSD2wqvjGGAgOAwCGWySYXfYoxt00IJkTF+8Lb57DwOb3Aa0o9CApepiYQ==",
        "dependencies": {
          "@jridgewell/resolve-uri": "@jridgewell/resolve-uri@3.1.2",
          "@jridgewell/sourcemap-codec": "@jridgewell/sourcemap-codec@1.5.0"
        }
      },
      "@types/babel__core@7.20.5": {
        "integrity": "sha512-qoQprZvz5wQFJwMDqeseRXWv3rqMvhgpbXFfVyWhbx9X47POIA6i/+dXefEmZKoAgOaTdaIgNSMqMIU61yRyzA==",
        "dependencies": {
          "@babel/parser": "@babel/parser@7.25.6",
          "@babel/types": "@babel/types@7.25.6",
          "@types/babel__generator": "@types/babel__generator@7.6.8",
          "@types/babel__template": "@types/babel__template@7.4.4",
          "@types/babel__traverse": "@types/babel__traverse@7.20.6"
        }
      },
      "@types/babel__generator@7.6.8": {
        "integrity": "sha512-ASsj+tpEDsEiFr1arWrlN6V3mdfjRMZt6LtK/Vp/kreFLnr5QH5+DhvD5nINYZXzwJvXeGq+05iUXcAzVrqWtw==",
        "dependencies": {
          "@babel/types": "@babel/types@7.25.6"
        }
      },
      "@types/babel__template@7.4.4": {
        "integrity": "sha512-h/NUaSyG5EyxBIp8YRxo4RMe2/qQgvyowRwVMzhYhBCONbW8PUsg4lkFMrhgZhUe5z3L3MiLDuvyJ/CaPa2A8A==",
        "dependencies": {
          "@babel/parser": "@babel/parser@7.25.6",
          "@babel/types": "@babel/types@7.25.6"
        }
      },
      "@types/babel__traverse@7.20.6": {
        "integrity": "sha512-r1bzfrm0tomOI8g1SzvCaQHo6Lcv6zu0EA+W2kHrt8dyrHQxGzBBL4kdkzIS+jBMV+EYcMAEAqXqYaLJq5rOZg==",
        "dependencies": {
          "@babel/types": "@babel/types@7.25.6"
        }
      },
      "@types/doctrine@0.0.9": {
        "integrity": "sha512-eOIHzCUSH7SMfonMG1LsC2f8vxBFtho6NGBznK41R84YzPuvSBzrhEps33IsQiOW9+VL6NQ9DbjQJznk/S4uRA==",
        "dependencies": {}
      },
      "@types/resolve@1.20.6": {
        "integrity": "sha512-A4STmOXPhMUtHH+S6ymgE2GiBSMqf4oTvcQZMcHzokuTLVYzXTB8ttjcgxOVaAp2lGwEdzZ0J+cRbbeevQj1UQ==",
        "dependencies": {}
      },
      "ansi-styles@3.2.1": {
        "integrity": "sha512-VT0ZI6kZRdTh8YyJw3SMbYm/u+NqfsAxEpWO0Pf9sq8/e94WxxOpPKx9FR1FlyCtOVDNOQ+8ntlqFxiRc+r5qA==",
        "dependencies": {
          "color-convert": "color-convert@1.9.3"
        }
      },
      "browserslist@4.23.3": {
        "integrity": "sha512-btwCFJVjI4YWDNfau8RhZ+B1Q/VLoUITrm3RlP6y1tYGWIOa+InuYiRGXUBXo8nA1qKmHMyLB/iVQg5TT4eFoA==",
        "dependencies": {
          "caniuse-lite": "caniuse-lite@1.0.30001662",
          "electron-to-chromium": "electron-to-chromium@1.5.26",
          "node-releases": "node-releases@2.0.18",
          "update-browserslist-db": "update-browserslist-db@1.1.0_browserslist@4.23.3"
        }
      },
      "caniuse-lite@1.0.30001662": {
        "integrity": "sha512-sgMUVwLmGseH8ZIrm1d51UbrhqMCH3jvS7gF/M6byuHOnKyLOBL7W8yz5V02OHwgLGA36o/AFhWzzh4uc5aqTA==",
        "dependencies": {}
      },
      "chalk@2.4.2": {
        "integrity": "sha512-Mti+f9lpJNcwF4tWV8/OrTTtF1gZi+f8FqlyAdouralcFWFQWF2+NgCHShjkCb+IFBLq9buZwE1xckQU4peSuQ==",
        "dependencies": {
          "ansi-styles": "ansi-styles@3.2.1",
          "escape-string-regexp": "escape-string-regexp@1.0.5",
          "supports-color": "supports-color@5.5.0"
        }
      },
      "color-convert@1.9.3": {
        "integrity": "sha512-QfAUtd+vFdAtFQcC8CCyYt1fYWxSqAiK2cSD6zDB8N3cpsEBAvRxp9zOGg6G/SHHJYAT88/az/IuDGALsNVbGg==",
        "dependencies": {
          "color-name": "color-name@1.1.3"
        }
      },
      "color-name@1.1.3": {
        "integrity": "sha512-72fSenhMw2HZMTVHeCA9KCmpEIbzWiQsjN+BHcBbS9vr1mtt+vJjPdksIBNUmKAW8TFUDPJK5SUU3QhE9NEXDw==",
        "dependencies": {}
      },
      "convert-source-map@2.0.0": {
        "integrity": "sha512-Kvp459HrV2FEJ1CAsi1Ku+MY3kasH19TFykTz2xWmMeq6bk2NU3XXvfJ+Q61m0xktWwt+1HSYf3JZsTms3aRJg==",
        "dependencies": {}
      },
      "debug@4.3.4": {
        "integrity": "sha512-PRWFHuSU3eDtQJPvnNY7Jcket1j0t5OuOsFzPPzsekD52Zl8qUfFIPEiswXqIvHWGVHOgX+7G/vCNNhehwxfkQ==",
        "dependencies": {
          "ms": "ms@2.1.2"
        }
      },
      "doctrine@3.0.0": {
        "integrity": "sha512-yS+Q5i3hBf7GBkd4KG8a7eBNNWNGLTaEwwYWUijIYM7zrlYDM0BFXHjjPWlWZ1Rg7UaddZeIDmi9jF3HmqiQ2w==",
        "dependencies": {
          "esutils": "esutils@2.0.3"
        }
      },
      "electron-to-chromium@1.5.26": {
        "integrity": "sha512-Z+OMe9M/V6Ep9n/52+b7lkvYEps26z4Yz3vjWL1V61W0q+VLF1pOHhMY17sa4roz4AWmULSI8E6SAojZA5L0YQ==",
        "dependencies": {}
      },
      "escalade@3.2.0": {
        "integrity": "sha512-WUj2qlxaQtO4g6Pq5c29GTcWGDyd8itL8zTlipgECz3JesAiiOKotd8JU6otB3PACgG6xkJUyVhboMS+bje/jA==",
        "dependencies": {}
      },
      "escape-string-regexp@1.0.5": {
        "integrity": "sha512-vbRorB5FUQWvla16U8R/qgaFIya2qGzwDrNmCZuYKrbdSUMG6I1ZCGQRefkRVhuOkIGVne7BQ35DSfo1qvJqFg==",
        "dependencies": {}
      },
      "esutils@2.0.3": {
        "integrity": "sha512-kVscqXk4OCp68SZ0dkgEKVi6/8ij300KBWTJq32P/dYeWTSwK41WyTxalN1eRmA5Z9UU/LX9D7FWSmV9SAYx6g==",
        "dependencies": {}
      },
      "function-bind@1.1.2": {
        "integrity": "sha512-7XHNxH7qX9xG5mIwxkhumTox/MIRNcOgDrxWsMt2pAr23WHp6MrRlN7FBSFpCpr+oVO0F744iUgR82nJMfG2SA==",
        "dependencies": {}
      },
      "gensync@1.0.0-beta.2": {
        "integrity": "sha512-3hN7NaskYvMDLQY55gnW3NQ+mesEAepTqlg+VEbj7zzqEMBVNhzcGYYeqFo/TlYz6eQiFcp1HcsCZO+nGgS8zg==",
        "dependencies": {}
      },
      "globals@11.12.0": {
        "integrity": "sha512-WOBp/EEGUiIsJSp7wcv/y6MO+lV9UoncWqxuFfm8eBwzWNgyfBd6Gz+IeKQ9jCmyhoH99g15M3T+QaVHFjizVA==",
        "dependencies": {}
      },
      "has-flag@3.0.0": {
        "integrity": "sha512-sKJf1+ceQBr4SMkvQnBDNDtf4TXpVhVGateu0t918bl30FnbE2m4vNLX+VWe/dpjlb+HugGYzW7uQXH98HPEYw==",
        "dependencies": {}
      },
      "hasown@2.0.2": {
        "integrity": "sha512-0hJU9SCPvmMzIBdZFqNPXWa6dqh7WdH0cII9y+CyS8rG3nL48Bclra9HmKhVVUHyPWNH5Y7xDwAB7bfgSjkUMQ==",
        "dependencies": {
          "function-bind": "function-bind@1.1.2"
        }
      },
      "is-core-module@2.15.1": {
        "integrity": "sha512-z0vtXSwucUJtANQWldhbtbt7BnL0vxiFjIdDLAatwhDYty2bad6s+rijD6Ri4YuYJubLzIJLUidCh09e1djEVQ==",
        "dependencies": {
          "hasown": "hasown@2.0.2"
        }
      },
      "js-tokens@4.0.0": {
        "integrity": "sha512-RdJUflcE3cUzKiMqQgsCu06FPu9UdIJO0beYbPhHN4k6apgJtifcoCtT9bcxOpYBtpD2kCM6Sbzg4CausW/PKQ==",
        "dependencies": {}
      },
      "jsesc@2.5.2": {
        "integrity": "sha512-OYu7XEzjkCQ3C5Ps3QIZsQfNpqoJyZZA99wd9aWd05NCtC5pWOkShK2mkL6HXQR6/Cy2lbNdPlZBpuQHXE63gA==",
        "dependencies": {}
      },
      "json5@2.2.3": {
        "integrity": "sha512-XmOWe7eyHYH14cLdVPoyg+GOH3rYX++KpzrylJwSW98t3Nk+U8XOl8FWKOgwtzdb8lXGf6zYwDUzeHMWfxasyg==",
        "dependencies": {}
      },
      "lru-cache@5.1.1": {
        "integrity": "sha512-KpNARQA3Iwv+jTA0utUVVbrh+Jlrr1Fv0e56GGzAFOXN7dk/FviaDW8LHmK52DlcH4WP2n6gI8vN1aesBFgo9w==",
        "dependencies": {
          "yallist": "yallist@3.1.1"
        }
      },
      "min-indent@1.0.1": {
        "integrity": "sha512-I9jwMn07Sy/IwOj3zVkVik2JTvgpaykDZEigL6Rx6N9LbMywwUSMtxET+7lVoDLLd3O3IXwJwvuuns8UB/HeAg==",
        "dependencies": {}
      },
      "ms@2.1.2": {
        "integrity": "sha512-sGkPx+VjMtmA6MX27oA4FBFELFCZZ4S4XqeGOXCv68tT+jb3vk/RyaKWP0PTKyWtmLSM0b+adUTEvbs1PEaH2w==",
        "dependencies": {}
      },
      "node-releases@2.0.18": {
        "integrity": "sha512-d9VeXT4SJ7ZeOqGX6R5EM022wpL+eWPooLI+5UpWn2jCT1aosUQEhQP214x33Wkwx3JQMvIm+tIoVOdodFS40g==",
        "dependencies": {}
      },
      "path-parse@1.0.7": {
        "integrity": "sha512-LDJzPVEEEPR+y48z93A0Ed0yXb8pAByGWo/k5YYdYgpY2/2EsOsksJrq7lOHxryrVOn1ejG6oAp8ahvOIQD8sw==",
        "dependencies": {}
      },
      "picocolors@1.1.0": {
        "integrity": "sha512-TQ92mBOW0l3LeMeyLV6mzy/kWr8lkd/hp3mTg7wYK7zJhuBStmGMBG0BdeDZS/dZx1IukaX6Bk11zcln25o1Aw==",
        "dependencies": {}
      },
      "react-docgen@7.0.3": {
        "integrity": "sha512-i8aF1nyKInZnANZ4uZrH49qn1paRgBZ7wZiCNBMnenlPzEv0mRl+ShpTVEI6wZNl8sSc79xZkivtgLKQArcanQ==",
        "dependencies": {
          "@babel/core": "@babel/core@7.25.2",
          "@babel/traverse": "@babel/traverse@7.25.6",
          "@babel/types": "@babel/types@7.25.6",
          "@types/babel__core": "@types/babel__core@7.20.5",
          "@types/babel__traverse": "@types/babel__traverse@7.20.6",
          "@types/doctrine": "@types/doctrine@0.0.9",
          "@types/resolve": "@types/resolve@1.20.6",
          "doctrine": "doctrine@3.0.0",
          "resolve": "resolve@1.22.8",
          "strip-indent": "strip-indent@4.0.0"
        }
      },
      "resolve@1.22.8": {
        "integrity": "sha512-oKWePCxqpd6FlLvGV1VU0x7bkPmmCNolxzjMf4NczoDnQcIWrAF+cPtZn5i6n+RfD2d9i0tzpKnG6Yk168yIyw==",
        "dependencies": {
          "is-core-module": "is-core-module@2.15.1",
          "path-parse": "path-parse@1.0.7",
          "supports-preserve-symlinks-flag": "supports-preserve-symlinks-flag@1.0.0"
        }
      },
      "semver@6.3.1": {
        "integrity": "sha512-BR7VvDCVHO+q2xBEWskxS6DJE1qRnb7DxzUrogb71CWoSficBxYsiAGd+Kl0mmq/MprG9yArRkyrQxTO6XjMzA==",
        "dependencies": {}
      },
      "strip-indent@4.0.0": {
        "integrity": "sha512-mnVSV2l+Zv6BLpSD/8V87CW/y9EmmbYzGCIavsnsI6/nwn26DwffM/yztm30Z/I2DY9wdS3vXVCMnHDgZaVNoA==",
        "dependencies": {
          "min-indent": "min-indent@1.0.1"
        }
      },
      "supports-color@5.5.0": {
        "integrity": "sha512-QjVjwdXIt408MIiAqCX4oUKsgU2EqAGzs2Ppkm4aQYbjm+ZEWEcW4SfFNTr4uMNZma0ey4f5lgLrkB0aX0QMow==",
        "dependencies": {
          "has-flag": "has-flag@3.0.0"
        }
      },
      "supports-preserve-symlinks-flag@1.0.0": {
        "integrity": "sha512-ot0WnXS9fgdkgIcePe6RHNk1WA8+muPa6cSjeR3V8K27q9BB1rTE3R1p7Hv0z1ZyAc8s6Vvv8DIyWf681MAt0w==",
        "dependencies": {}
      },
      "to-fast-properties@2.0.0": {
        "integrity": "sha512-/OaKK0xYrs3DmxRYqL/yDc+FxFUVYhDlXMhRmv3z915w2HF1tnN1omB354j8VUGO/hbRzyD6Y3sA7v7GS/ceog==",
        "dependencies": {}
      },
      "update-browserslist-db@1.1.0_browserslist@4.23.3": {
        "integrity": "sha512-EdRAaAyk2cUE1wOf2DkEhzxqOQvFOoRJFNS6NeyJ01Gp2beMRpBAINjM2iDXE3KCuKhwnvHIQCJm6ThL2Z+HzQ==",
        "dependencies": {
          "browserslist": "browserslist@4.23.3",
          "escalade": "escalade@3.2.0",
          "picocolors": "picocolors@1.1.0"
        }
      },
      "yallist@3.1.1": {
        "integrity": "sha512-a4UGQaWPH59mOXUYnAG2ewncQS4i4F43Tv3JoAM+s2VDAmS9NsK8GpDMLrCHPksFT7h3K6TOoUNn2pb7RoXx4g==",
        "dependencies": {}
      }
    }
  },
  "remote": {
    "https://deno.land/std@0.91.0/_util/assert.ts": "2f868145a042a11d5ad0a3c748dcf580add8a0dbc0e876eaa0026303a5488f58",
    "https://deno.land/std@0.91.0/_util/os.ts": "e282950a0eaa96760c0cf11e7463e66babd15ec9157d4c9ed49cc0925686f6a7",
    "https://deno.land/std@0.91.0/fs/_util.ts": "f2ce811350236ea8c28450ed822a5f42a0892316515b1cd61321dec13569c56b",
    "https://deno.land/std@0.91.0/fs/copy.ts": "acc21e2569c92e715be48f40665a299cb995a4dce04145c3dd624791b885114c",
    "https://deno.land/std@0.91.0/fs/empty_dir.ts": "2edd70ff6405e1893e781a82aec8c574dfc748a7bb9d9ce8f0abdf002cdbba3f",
    "https://deno.land/std@0.91.0/fs/ensure_dir.ts": "f21262e788a707aaa2dd22064da7cd40e3b2f0f067e9b2aed1b288091170cc05",
    "https://deno.land/std@0.91.0/fs/ensure_file.ts": "84c7cff81ecedef3969e3fcd2d0c2aecd9bafea246cd18847deba7a54126134f",
    "https://deno.land/std@0.91.0/fs/ensure_link.ts": "e48abe5bf639389ee6f42bb8bdd8b7b2a4c93701cd618b12cdcad83ccea44f2e",
    "https://deno.land/std@0.91.0/fs/ensure_symlink.ts": "cbb2c908135808c0545c6304046b6ab5c024b0bb1832e69c819b58d9feee66ef",
    "https://deno.land/std@0.91.0/fs/eol.ts": "afaebaaac36f48c423b920c836551997715672b80a0fee9aa7667c181a94f2df",
    "https://deno.land/std@0.91.0/fs/exists.ts": "b0d2e31654819cc2a8d37df45d6b14686c0cc1d802e9ff09e902a63e98b85a00",
    "https://deno.land/std@0.91.0/fs/expand_glob.ts": "b5a8fcadf40eb7b034a1f807349cbace0ddb28c4e5a6b6aaf2d8ca925ba02f9f",
    "https://deno.land/std@0.91.0/fs/mod.ts": "26eee4b52a8c516e37d464094b080ff6822883e7f01ff0ba0a72b8dcd54b9927",
    "https://deno.land/std@0.91.0/fs/move.ts": "36697916a5cf2ebc7d298089a9a3ccc6b3af1eaecc173e57a9f5eb10f1f04221",
    "https://deno.land/std@0.91.0/fs/walk.ts": "8d37f2164a7397668842a7cb5d53b9e7bcd216462623b1b96abe519f76d7f8b9",
    "https://deno.land/std@0.91.0/path/_constants.ts": "1247fee4a79b70c89f23499691ef169b41b6ccf01887a0abd131009c5581b853",
    "https://deno.land/std@0.91.0/path/_interface.ts": "1fa73b02aaa24867e481a48492b44f2598cd9dfa513c7b34001437007d3642e4",
    "https://deno.land/std@0.91.0/path/_util.ts": "2e06a3b9e79beaf62687196bd4b60a4c391d862cfa007a20fc3a39f778ba073b",
    "https://deno.land/std@0.91.0/path/common.ts": "eaf03d08b569e8a87e674e4e265e099f237472b6fd135b3cbeae5827035ea14a",
    "https://deno.land/std@0.91.0/path/glob.ts": "4a524c1c9da3e79a9fdabdc6e850cd9e41bdf31e442856ffa19c5b123268ca95",
    "https://deno.land/std@0.91.0/path/mod.ts": "4465dc494f271b02569edbb4a18d727063b5dbd6ed84283ff906260970a15d12",
    "https://deno.land/std@0.91.0/path/posix.ts": "f56c3c99feb47f30a40ce9d252ef6f00296fa7c0fcb6dd81211bdb3b8b99ca3b",
    "https://deno.land/std@0.91.0/path/separator.ts": "8fdcf289b1b76fd726a508f57d3370ca029ae6976fcde5044007f062e643ff1c",
    "https://deno.land/std@0.91.0/path/win32.ts": "77f7b3604e0de40f3a7c698e8a79e7f601dc187035a1c21cb1e596666ce112f8"
  }
}
